hash: 0e4c11f60d30f615587074daac14eb492592d562d6ccd887c93150bca0ce54d3
updated: 2019-05-28T11:21:39.960692+02:00
imports:
- name: github.com/apinnecke/go-exitcontext
  version: 06015046a58d57f896f5e2ea290e6540c3fba863
- name: github.com/golang/protobuf
  version: b285ee9cfc6c881bb20c0d8dc73370ea9b9ec90f
  subpackages:
  - proto
- name: github.com/google/go-querystring
  version: c8c88dbee036db4e4808d1f2ec8c2e15e11c3f80
  subpackages:
  - query
- name: github.com/inconshreveable/mousetrap
  version: 76626ae9c91c4f2a10f34cad8ce83ea42c93bb75
- name: github.com/kelseyhightower/envconfig
  version: 0b417c4ec4a8a82eecc22a1459a504aa55163d61
- name: github.com/konsorten/go-windows-terminal-sequences
  version: f55edac94c9bbba5d6182a4be46d86a2c9b5b50e
- name: github.com/sirupsen/logrus
  version: 839c75faf7f98a33d445d181f3018b5c3409a45e
- name: github.com/spf13/cobra
  version: 67fc4837d267bc9bfd6e47f77783fcc3dffc68de
- name: github.com/spf13/pflag
  version: 24fa6976df40757dce6aea913e7b81ade90530e1
- name: github.com/xanzy/go-gitlab
  version: 9d665abb0c204f579765d16d24d7ec85257e6624
- name: golang.org/x/net
  version: f3200d17e092c607f615320ecaad13d87ad9a2b3
  subpackages:
  - context
  - context/ctxhttp
- name: golang.org/x/oauth2
  version: aaccbc9213b0974828f81aaac109d194880e3014
  subpackages:
  - internal
- name: golang.org/x/sys
  version: adf421d2caf4ffcf74142ff5fb9ee323b21a819e
  subpackages:
  - unix
- name: google.golang.org/appengine
  version: 311d3c5cf9373249645db030e53c37c209a8b378
  subpackages:
  - internal
  - internal/base
  - internal/datastore
  - internal/log
  - internal/remote_api
  - internal/urlfetch
  - urlfetch
testImports: []
